
Microsoft Visual Studio Solution File, Format Version 12.00
# Visual Studio Version 17
VisualStudioVersion = 17.9.34622.214
MinimumVisualStudioVersion = 10.0.40219.1
Project("{2150E333-8FDC-42A3-9474-1A3956D46DE8}") = "src", "src", "{16E46986-E3BC-45A3-8143-366B6557E57B}"
EndProject
Project("{2150E333-8FDC-42A3-9474-1A3956D46DE8}") = "test", "test", "{0D7F0CB1-05B2-4F5D-84B0-AE3954871757}"
EndProject
Project("{2150E333-8FDC-42A3-9474-1A3956D46DE8}") = "ServiceTests", "ServiceTests", "{ED593993-034A-48DB-A60E-73CD847FE472}"
EndProject
Project("{2150E333-8FDC-42A3-9474-1A3956D46DE8}") = "ControllerTests", "ControllerTests", "{46392490-0622-4414-B746-86CEFA588C31}"
EndProject
Project("{9A19103F-16F7-4668-BE54-9A1E7A4F7556}") = "AMS.DtoLibrary", "AMS.DtoLibrary\AMS.DtoLibrary.csproj", "{CC42A31F-877D-4DE5-AFED-E3D3138D2327}"
EndProject
Project("{9A19103F-16F7-4668-BE54-9A1E7A4F7556}") = "AMS.Services", "AMS.Services\AMS.Services.csproj", "{0A3B5EB1-A2B3-49BA-A5E5-28D184840396}"
EndProject
Project("{9A19103F-16F7-4668-BE54-9A1E7A4F7556}") = "AMS.Controller", "AMS.Controller\AMS.Controller.csproj", "{65A30C75-A168-4E5C-94AC-E48BF6D0A53B}"
EndProject
Project("{9A19103F-16F7-4668-BE54-9A1E7A4F7556}") = "AMS.Entities", "AMS.Entities\AMS.Entities.csproj", "{57516D4C-CF1B-4856-816D-F118D6582569}"
EndProject
Global
	GlobalSection(SolutionConfigurationPlatforms) = preSolution
		Debug|Any CPU = Debug|Any CPU
		Release|Any CPU = Release|Any CPU
	EndGlobalSection
	GlobalSection(ProjectConfigurationPlatforms) = postSolution
		{CC42A31F-877D-4DE5-AFED-E3D3138D2327}.Debug|Any CPU.ActiveCfg = Debug|Any CPU
		{CC42A31F-877D-4DE5-AFED-E3D3138D2327}.Debug|Any CPU.Build.0 = Debug|Any CPU
		{CC42A31F-877D-4DE5-AFED-E3D3138D2327}.Release|Any CPU.ActiveCfg = Release|Any CPU
		{CC42A31F-877D-4DE5-AFED-E3D3138D2327}.Release|Any CPU.Build.0 = Release|Any CPU
		{0A3B5EB1-A2B3-49BA-A5E5-28D184840396}.Debug|Any CPU.ActiveCfg = Debug|Any CPU
		{0A3B5EB1-A2B3-49BA-A5E5-28D184840396}.Debug|Any CPU.Build.0 = Debug|Any CPU
		{0A3B5EB1-A2B3-49BA-A5E5-28D184840396}.Release|Any CPU.ActiveCfg = Release|Any CPU
		{0A3B5EB1-A2B3-49BA-A5E5-28D184840396}.Release|Any CPU.Build.0 = Release|Any CPU
		{65A30C75-A168-4E5C-94AC-E48BF6D0A53B}.Debug|Any CPU.ActiveCfg = Debug|Any CPU
		{65A30C75-A168-4E5C-94AC-E48BF6D0A53B}.Debug|Any CPU.Build.0 = Debug|Any CPU
		{65A30C75-A168-4E5C-94AC-E48BF6D0A53B}.Release|Any CPU.ActiveCfg = Release|Any CPU
		{65A30C75-A168-4E5C-94AC-E48BF6D0A53B}.Release|Any CPU.Build.0 = Release|Any CPU
		{57516D4C-CF1B-4856-816D-F118D6582569}.Debug|Any CPU.ActiveCfg = Debug|Any CPU
		{57516D4C-CF1B-4856-816D-F118D6582569}.Debug|Any CPU.Build.0 = Debug|Any CPU
		{57516D4C-CF1B-4856-816D-F118D6582569}.Release|Any CPU.ActiveCfg = Release|Any CPU
		{57516D4C-CF1B-4856-816D-F118D6582569}.Release|Any CPU.Build.0 = Release|Any CPU
	EndGlobalSection
	GlobalSection(SolutionProperties) = preSolution
		HideSolutionNode = FALSE
	EndGlobalSection
	GlobalSection(NestedProjects) = preSolution
		{ED593993-034A-48DB-A60E-73CD847FE472} = {0D7F0CB1-05B2-4F5D-84B0-AE3954871757}
		{46392490-0622-4414-B746-86CEFA588C31} = {0D7F0CB1-05B2-4F5D-84B0-AE3954871757}
		{CC42A31F-877D-4DE5-AFED-E3D3138D2327} = {16E46986-E3BC-45A3-8143-366B6557E57B}
		{0A3B5EB1-A2B3-49BA-A5E5-28D184840396} = {16E46986-E3BC-45A3-8143-366B6557E57B}
		{65A30C75-A168-4E5C-94AC-E48BF6D0A53B} = {16E46986-E3BC-45A3-8143-366B6557E57B}
		{57516D4C-CF1B-4856-816D-F118D6582569} = {16E46986-E3BC-45A3-8143-366B6557E57B}
	EndGlobalSection
	GlobalSection(ExtensibilityGlobals) = postSolution
		SolutionGuid = {38CD0DD6-4586-4386-81D6-16CCF9D97840}
	EndGlobalSection
EndGlobal
