
Microsoft Visual Studio Solution File, Format Version 12.00
# Visual Studio Version 17
VisualStudioVersion = 17.9.34622.214
MinimumVisualStudioVersion = 10.0.40219.1
Project("{FAE04EC0-301F-11D3-BF4B-00C04F79EFBC}") = "UserMicroservices", "UserMicroservices\UserMicroservices.csproj", "{5E9BE31E-06F9-4E5E-BA9B-27B9A27F013C}"
EndProject
Project("{2150E333-8FDC-42A3-9474-1A3956D46DE8}") = "src", "src", "{16E46986-E3BC-45A3-8143-366B6557E57B}"
EndProject
Project("{FAE04EC0-301F-11D3-BF4B-00C04F79EFBC}") = "AttendenceMicroservices", "AttendenceMicroservices\AttendenceMicroservices.csproj", "{F2D6FE7B-DE2A-4064-A09C-931C9CB43212}"
EndProject
Project("{FAE04EC0-301F-11D3-BF4B-00C04F79EFBC}") = "LeaveMicroservices", "LeaveMicroservices\LeaveMicroservices.csproj", "{65A540DE-EFCD-44CD-A946-FE4C0FF45324}"
EndProject
Project("{2150E333-8FDC-42A3-9474-1A3956D46DE8}") = "test", "test", "{0D7F0CB1-05B2-4F5D-84B0-AE3954871757}"
EndProject
Project("{2150E333-8FDC-42A3-9474-1A3956D46DE8}") = "ServiceTests", "ServiceTests", "{ED593993-034A-48DB-A60E-73CD847FE472}"
EndProject
Project("{2150E333-8FDC-42A3-9474-1A3956D46DE8}") = "ControllerTests", "ControllerTests", "{46392490-0622-4414-B746-86CEFA588C31}"
EndProject
Project("{FAE04EC0-301F-11D3-BF4B-00C04F79EFBC}") = "OcelotGateway", "OcelotGateway\OcelotGateway.csproj", "{52488695-1189-452D-A4F1-5A0985BFB8DB}"
EndProject
Global
	GlobalSection(SolutionConfigurationPlatforms) = preSolution
		Debug|Any CPU = Debug|Any CPU
		Release|Any CPU = Release|Any CPU
	EndGlobalSection
	GlobalSection(ProjectConfigurationPlatforms) = postSolution
		{5E9BE31E-06F9-4E5E-BA9B-27B9A27F013C}.Debug|Any CPU.ActiveCfg = Debug|Any CPU
		{5E9BE31E-06F9-4E5E-BA9B-27B9A27F013C}.Debug|Any CPU.Build.0 = Debug|Any CPU
		{5E9BE31E-06F9-4E5E-BA9B-27B9A27F013C}.Release|Any CPU.ActiveCfg = Release|Any CPU
		{5E9BE31E-06F9-4E5E-BA9B-27B9A27F013C}.Release|Any CPU.Build.0 = Release|Any CPU
		{F2D6FE7B-DE2A-4064-A09C-931C9CB43212}.Debug|Any CPU.ActiveCfg = Debug|Any CPU
		{F2D6FE7B-DE2A-4064-A09C-931C9CB43212}.Debug|Any CPU.Build.0 = Debug|Any CPU
		{F2D6FE7B-DE2A-4064-A09C-931C9CB43212}.Release|Any CPU.ActiveCfg = Release|Any CPU
		{F2D6FE7B-DE2A-4064-A09C-931C9CB43212}.Release|Any CPU.Build.0 = Release|Any CPU
		{65A540DE-EFCD-44CD-A946-FE4C0FF45324}.Debug|Any CPU.ActiveCfg = Debug|Any CPU
		{65A540DE-EFCD-44CD-A946-FE4C0FF45324}.Debug|Any CPU.Build.0 = Debug|Any CPU
		{65A540DE-EFCD-44CD-A946-FE4C0FF45324}.Release|Any CPU.ActiveCfg = Release|Any CPU
		{65A540DE-EFCD-44CD-A946-FE4C0FF45324}.Release|Any CPU.Build.0 = Release|Any CPU
		{52488695-1189-452D-A4F1-5A0985BFB8DB}.Debug|Any CPU.ActiveCfg = Debug|Any CPU
		{52488695-1189-452D-A4F1-5A0985BFB8DB}.Debug|Any CPU.Build.0 = Debug|Any CPU
		{52488695-1189-452D-A4F1-5A0985BFB8DB}.Release|Any CPU.ActiveCfg = Release|Any CPU
		{52488695-1189-452D-A4F1-5A0985BFB8DB}.Release|Any CPU.Build.0 = Release|Any CPU
	EndGlobalSection
	GlobalSection(SolutionProperties) = preSolution
		HideSolutionNode = FALSE
	EndGlobalSection
	GlobalSection(NestedProjects) = preSolution
		{5E9BE31E-06F9-4E5E-BA9B-27B9A27F013C} = {16E46986-E3BC-45A3-8143-366B6557E57B}
		{F2D6FE7B-DE2A-4064-A09C-931C9CB43212} = {16E46986-E3BC-45A3-8143-366B6557E57B}
		{65A540DE-EFCD-44CD-A946-FE4C0FF45324} = {16E46986-E3BC-45A3-8143-366B6557E57B}
		{ED593993-034A-48DB-A60E-73CD847FE472} = {0D7F0CB1-05B2-4F5D-84B0-AE3954871757}
		{46392490-0622-4414-B746-86CEFA588C31} = {0D7F0CB1-05B2-4F5D-84B0-AE3954871757}
		{52488695-1189-452D-A4F1-5A0985BFB8DB} = {16E46986-E3BC-45A3-8143-366B6557E57B}
	EndGlobalSection
	GlobalSection(ExtensibilityGlobals) = postSolution
		SolutionGuid = {38CD0DD6-4586-4386-81D6-16CCF9D97840}
	EndGlobalSection
EndGlobal
